
Microsoft Visual Studio Solution File, Format Version 12.00
# Visual Studio Version 17
VisualStudioVersion = 17.11.35312.102
MinimumVisualStudioVersion = 10.0.40219.1
Project("{FAE04EC0-301F-11D3-BF4B-00C04F79EFBC}") = "WpfAnimationApp", "WpfAnimationApp\WpfAnimationApp.csproj", "{3F47EDB1-2162-4D2F-BF4D-47339D034A3F}"
EndProject
Global
	GlobalSection(SolutionConfigurationPlatforms) = preSolution
		Debug|Any CPU = Debug|Any CPU
		Release|Any CPU = Release|Any CPU
	EndGlobalSection
	GlobalSection(ProjectConfigurationPlatforms) = postSolution
		{3F47EDB1-2162-4D2F-BF4D-47339D034A3F}.Debug|Any CPU.ActiveCfg = Debug|Any CPU
		{3F47EDB1-2162-4D2F-BF4D-47339D034A3F}.Debug|Any CPU.Build.0 = Debug|Any CPU
		{3F47EDB1-2162-4D2F-BF4D-47339D034A3F}.Release|Any CPU.ActiveCfg = Release|Any CPU
		{3F47EDB1-2162-4D2F-BF4D-47339D034A3F}.Release|Any CPU.Build.0 = Release|Any CPU
	EndGlobalSection
	GlobalSection(SolutionProperties) = preSolution
		HideSolutionNode = FALSE
	EndGlobalSection
	GlobalSection(ExtensibilityGlobals) = postSolution
		SolutionGuid = {1517795E-4F1F-479E-8EF1-DC4BFDFA7D86}
	EndGlobalSection
EndGlobal
